
Microsoft Visual Studio Solution File, Format Version 12.00
# Visual Studio Version 17
VisualStudioVersion = 17.14.36202.13
MinimumVisualStudioVersion = 10.0.40219.1
Project("{FAE04EC0-301F-11D3-BF4B-00C04F79EFBC}") = "TypesAndVariables", "TypesAndVariables\TypesAndVariables.csproj", "{C6E33AE7-49E5-4EBD-B78A-8A78070436E9}"
EndProject
Project("{FAE04EC0-301F-11D3-BF4B-00C04F79EFBC}") = "Conditionals", "Conditionals\Conditionals.csproj", "{9F655F54-4C93-4364-9094-CF9B637C716E}"
EndProject
Project("{FAE04EC0-301F-11D3-BF4B-00C04F79EFBC}") = "Methods", "Methods\Methods.csproj", "{B59D1554-CBCB-431F-9A11-32C57448EE0E}"
EndProject
Project("{FAE04EC0-301F-11D3-BF4B-00C04F79EFBC}") = "Arrays", "Arrays\Arrays.csproj", "{94DD353C-16E3-4E6F-9F57-746026E581EE}"
EndProject
Project("{FAE04EC0-301F-11D3-BF4B-00C04F79EFBC}") = "Loops", "Loops\Loops.csproj", "{2E9160E4-4CF2-450E-83C1-69B57B53C7DF}"
EndProject
Project("{FAE04EC0-301F-11D3-BF4B-00C04F79EFBC}") = "Strings", "Strings\Strings.csproj", "{432D7466-0F0D-4047-A80A-952C811FD7C7}"
EndProject
Project("{FAE04EC0-301F-11D3-BF4B-00C04F79EFBC}") = "Classes", "Classes\Classes.csproj", "{3202E5A0-EBE5-40ED-8DB0-64BFD923ECF7}"
EndProject
Project("{FAE04EC0-301F-11D3-BF4B-00C04F79EFBC}") = "Interfaces", "Interfaces\Interfaces.csproj", "{72A6C52F-47C3-4514-AE16-B34A79F77D8D}"
EndProject
Project("{FAE04EC0-301F-11D3-BF4B-00C04F79EFBC}") = "InterfacesDemo", "InterfacesDemo\InterfacesDemo.csproj", "{0994D3EA-842D-4FF5-80CC-A246CA467F12}"
EndProject
Project("{FAE04EC0-301F-11D3-BF4B-00C04F79EFBC}") = "Inheritance", "Inheritance\Inheritance.csproj", "{18120281-0EBA-4286-A8D7-28FB0FC64F0C}"
EndProject
Project("{FAE04EC0-301F-11D3-BF4B-00C04F79EFBC}") = "VirtualMethods", "VirtualMethods\VirtualMethods.csproj", "{FF792108-F23C-4A1A-ACF0-D6DBC5D86696}"
EndProject
Project("{FAE04EC0-301F-11D3-BF4B-00C04F79EFBC}") = "AbstractClasses", "AbstractClasses\AbstractClasses.csproj", "{10748A3B-B7C1-4A33-AD8E-055DFD16FEBA}"
EndProject
Project("{FAE04EC0-301F-11D3-BF4B-00C04F79EFBC}") = "RecapDemo", "RecapDemo\RecapDemo.csproj", "{38FC0643-E526-4B73-BFBC-49FC76F4B9AC}"
EndProject
Project("{FAE04EC0-301F-11D3-BF4B-00C04F79EFBC}") = "AccessModifiers", "AccessModifiers\AccessModifiers.csproj", "{1F3FC9CF-C009-40CD-8C3D-55A6334A0B2F}"
EndProject
Project("{FAE04EC0-301F-11D3-BF4B-00C04F79EFBC}") = "AccessModifiersDemo", "AccessModifiersDemo\AccessModifiersDemo.csproj", "{0CF3C1F2-171A-4447-BFA9-59317385FB51}"
EndProject
Project("{FAE04EC0-301F-11D3-BF4B-00C04F79EFBC}") = "Constructors", "Constructors\Constructors.csproj", "{BB156193-5AA3-4976-AFDE-C64DA07DD377}"
EndProject
Project("{FAE04EC0-301F-11D3-BF4B-00C04F79EFBC}") = "ReferenceAndValueType", "ReferenceAndValueType\ReferenceAndValueType.csproj", "{2F9B85D7-4AAA-4427-B62F-4412854FFF46}"
EndProject
Project("{FAE04EC0-301F-11D3-BF4B-00C04F79EFBC}") = "Collections", "Collections\Collections.csproj", "{96EA59A5-4AD3-471F-B77E-83084CB67B51}"
EndProject
Project("{FAE04EC0-301F-11D3-BF4B-00C04F79EFBC}") = "Exceptions", "Exceptions\Exceptions.csproj", "{20CE8A76-262B-4838-A054-296691508A75}"
EndProject
Global
	GlobalSection(SolutionConfigurationPlatforms) = preSolution
		Debug|Any CPU = Debug|Any CPU
		Release|Any CPU = Release|Any CPU
	EndGlobalSection
	GlobalSection(ProjectConfigurationPlatforms) = postSolution
		{C6E33AE7-49E5-4EBD-B78A-8A78070436E9}.Debug|Any CPU.ActiveCfg = Debug|Any CPU
		{C6E33AE7-49E5-4EBD-B78A-8A78070436E9}.Debug|Any CPU.Build.0 = Debug|Any CPU
		{C6E33AE7-49E5-4EBD-B78A-8A78070436E9}.Release|Any CPU.ActiveCfg = Release|Any CPU
		{C6E33AE7-49E5-4EBD-B78A-8A78070436E9}.Release|Any CPU.Build.0 = Release|Any CPU
		{9F655F54-4C93-4364-9094-CF9B637C716E}.Debug|Any CPU.ActiveCfg = Debug|Any CPU
		{9F655F54-4C93-4364-9094-CF9B637C716E}.Debug|Any CPU.Build.0 = Debug|Any CPU
		{9F655F54-4C93-4364-9094-CF9B637C716E}.Release|Any CPU.ActiveCfg = Release|Any CPU
		{9F655F54-4C93-4364-9094-CF9B637C716E}.Release|Any CPU.Build.0 = Release|Any CPU
		{B59D1554-CBCB-431F-9A11-32C57448EE0E}.Debug|Any CPU.ActiveCfg = Debug|Any CPU
		{B59D1554-CBCB-431F-9A11-32C57448EE0E}.Debug|Any CPU.Build.0 = Debug|Any CPU
		{B59D1554-CBCB-431F-9A11-32C57448EE0E}.Release|Any CPU.ActiveCfg = Release|Any CPU
		{B59D1554-CBCB-431F-9A11-32C57448EE0E}.Release|Any CPU.Build.0 = Release|Any CPU
		{94DD353C-16E3-4E6F-9F57-746026E581EE}.Debug|Any CPU.ActiveCfg = Debug|Any CPU
		{94DD353C-16E3-4E6F-9F57-746026E581EE}.Debug|Any CPU.Build.0 = Debug|Any CPU
		{94DD353C-16E3-4E6F-9F57-746026E581EE}.Release|Any CPU.ActiveCfg = Release|Any CPU
		{94DD353C-16E3-4E6F-9F57-746026E581EE}.Release|Any CPU.Build.0 = Release|Any CPU
		{2E9160E4-4CF2-450E-83C1-69B57B53C7DF}.Debug|Any CPU.ActiveCfg = Debug|Any CPU
		{2E9160E4-4CF2-450E-83C1-69B57B53C7DF}.Debug|Any CPU.Build.0 = Debug|Any CPU
		{2E9160E4-4CF2-450E-83C1-69B57B53C7DF}.Release|Any CPU.ActiveCfg = Release|Any CPU
		{2E9160E4-4CF2-450E-83C1-69B57B53C7DF}.Release|Any CPU.Build.0 = Release|Any CPU
		{432D7466-0F0D-4047-A80A-952C811FD7C7}.Debug|Any CPU.ActiveCfg = Debug|Any CPU
		{432D7466-0F0D-4047-A80A-952C811FD7C7}.Debug|Any CPU.Build.0 = Debug|Any CPU
		{432D7466-0F0D-4047-A80A-952C811FD7C7}.Release|Any CPU.ActiveCfg = Release|Any CPU
		{432D7466-0F0D-4047-A80A-952C811FD7C7}.Release|Any CPU.Build.0 = Release|Any CPU
		{3202E5A0-EBE5-40ED-8DB0-64BFD923ECF7}.Debug|Any CPU.ActiveCfg = Debug|Any CPU
		{3202E5A0-EBE5-40ED-8DB0-64BFD923ECF7}.Debug|Any CPU.Build.0 = Debug|Any CPU
		{3202E5A0-EBE5-40ED-8DB0-64BFD923ECF7}.Release|Any CPU.ActiveCfg = Release|Any CPU
		{3202E5A0-EBE5-40ED-8DB0-64BFD923ECF7}.Release|Any CPU.Build.0 = Release|Any CPU
		{72A6C52F-47C3-4514-AE16-B34A79F77D8D}.Debug|Any CPU.ActiveCfg = Debug|Any CPU
		{72A6C52F-47C3-4514-AE16-B34A79F77D8D}.Debug|Any CPU.Build.0 = Debug|Any CPU
		{72A6C52F-47C3-4514-AE16-B34A79F77D8D}.Release|Any CPU.ActiveCfg = Release|Any CPU
		{72A6C52F-47C3-4514-AE16-B34A79F77D8D}.Release|Any CPU.Build.0 = Release|Any CPU
		{0994D3EA-842D-4FF5-80CC-A246CA467F12}.Debug|Any CPU.ActiveCfg = Debug|Any CPU
		{0994D3EA-842D-4FF5-80CC-A246CA467F12}.Debug|Any CPU.Build.0 = Debug|Any CPU
		{0994D3EA-842D-4FF5-80CC-A246CA467F12}.Release|Any CPU.ActiveCfg = Release|Any CPU
		{0994D3EA-842D-4FF5-80CC-A246CA467F12}.Release|Any CPU.Build.0 = Release|Any CPU
		{18120281-0EBA-4286-A8D7-28FB0FC64F0C}.Debug|Any CPU.ActiveCfg = Debug|Any CPU
		{18120281-0EBA-4286-A8D7-28FB0FC64F0C}.Debug|Any CPU.Build.0 = Debug|Any CPU
		{18120281-0EBA-4286-A8D7-28FB0FC64F0C}.Release|Any CPU.ActiveCfg = Release|Any CPU
		{18120281-0EBA-4286-A8D7-28FB0FC64F0C}.Release|Any CPU.Build.0 = Release|Any CPU
		{FF792108-F23C-4A1A-ACF0-D6DBC5D86696}.Debug|Any CPU.ActiveCfg = Debug|Any CPU
		{FF792108-F23C-4A1A-ACF0-D6DBC5D86696}.Debug|Any CPU.Build.0 = Debug|Any CPU
		{FF792108-F23C-4A1A-ACF0-D6DBC5D86696}.Release|Any CPU.ActiveCfg = Release|Any CPU
		{FF792108-F23C-4A1A-ACF0-D6DBC5D86696}.Release|Any CPU.Build.0 = Release|Any CPU
		{10748A3B-B7C1-4A33-AD8E-055DFD16FEBA}.Debug|Any CPU.ActiveCfg = Debug|Any CPU
		{10748A3B-B7C1-4A33-AD8E-055DFD16FEBA}.Debug|Any CPU.Build.0 = Debug|Any CPU
		{10748A3B-B7C1-4A33-AD8E-055DFD16FEBA}.Release|Any CPU.ActiveCfg = Release|Any CPU
		{10748A3B-B7C1-4A33-AD8E-055DFD16FEBA}.Release|Any CPU.Build.0 = Release|Any CPU
		{38FC0643-E526-4B73-BFBC-49FC76F4B9AC}.Debug|Any CPU.ActiveCfg = Debug|Any CPU
		{38FC0643-E526-4B73-BFBC-49FC76F4B9AC}.Debug|Any CPU.Build.0 = Debug|Any CPU
		{38FC0643-E526-4B73-BFBC-49FC76F4B9AC}.Release|Any CPU.ActiveCfg = Release|Any CPU
		{38FC0643-E526-4B73-BFBC-49FC76F4B9AC}.Release|Any CPU.Build.0 = Release|Any CPU
		{1F3FC9CF-C009-40CD-8C3D-55A6334A0B2F}.Debug|Any CPU.ActiveCfg = Debug|Any CPU
		{1F3FC9CF-C009-40CD-8C3D-55A6334A0B2F}.Debug|Any CPU.Build.0 = Debug|Any CPU
		{1F3FC9CF-C009-40CD-8C3D-55A6334A0B2F}.Release|Any CPU.ActiveCfg = Release|Any CPU
		{1F3FC9CF-C009-40CD-8C3D-55A6334A0B2F}.Release|Any CPU.Build.0 = Release|Any CPU
		{0CF3C1F2-171A-4447-BFA9-59317385FB51}.Debug|Any CPU.ActiveCfg = Debug|Any CPU
		{0CF3C1F2-171A-4447-BFA9-59317385FB51}.Debug|Any CPU.Build.0 = Debug|Any CPU
		{0CF3C1F2-171A-4447-BFA9-59317385FB51}.Release|Any CPU.ActiveCfg = Release|Any CPU
		{0CF3C1F2-171A-4447-BFA9-59317385FB51}.Release|Any CPU.Build.0 = Release|Any CPU
		{BB156193-5AA3-4976-AFDE-C64DA07DD377}.Debug|Any CPU.ActiveCfg = Debug|Any CPU
		{BB156193-5AA3-4976-AFDE-C64DA07DD377}.Debug|Any CPU.Build.0 = Debug|Any CPU
		{BB156193-5AA3-4976-AFDE-C64DA07DD377}.Release|Any CPU.ActiveCfg = Release|Any CPU
		{BB156193-5AA3-4976-AFDE-C64DA07DD377}.Release|Any CPU.Build.0 = Release|Any CPU
		{2F9B85D7-4AAA-4427-B62F-4412854FFF46}.Debug|Any CPU.ActiveCfg = Debug|Any CPU
		{2F9B85D7-4AAA-4427-B62F-4412854FFF46}.Debug|Any CPU.Build.0 = Debug|Any CPU
		{2F9B85D7-4AAA-4427-B62F-4412854FFF46}.Release|Any CPU.ActiveCfg = Release|Any CPU
		{2F9B85D7-4AAA-4427-B62F-4412854FFF46}.Release|Any CPU.Build.0 = Release|Any CPU
		{96EA59A5-4AD3-471F-B77E-83084CB67B51}.Debug|Any CPU.ActiveCfg = Debug|Any CPU
		{96EA59A5-4AD3-471F-B77E-83084CB67B51}.Debug|Any CPU.Build.0 = Debug|Any CPU
		{96EA59A5-4AD3-471F-B77E-83084CB67B51}.Release|Any CPU.ActiveCfg = Release|Any CPU
		{96EA59A5-4AD3-471F-B77E-83084CB67B51}.Release|Any CPU.Build.0 = Release|Any CPU
		{20CE8A76-262B-4838-A054-296691508A75}.Debug|Any CPU.ActiveCfg = Debug|Any CPU
		{20CE8A76-262B-4838-A054-296691508A75}.Debug|Any CPU.Build.0 = Debug|Any CPU
		{20CE8A76-262B-4838-A054-296691508A75}.Release|Any CPU.ActiveCfg = Release|Any CPU
		{20CE8A76-262B-4838-A054-296691508A75}.Release|Any CPU.Build.0 = Release|Any CPU
	EndGlobalSection
	GlobalSection(SolutionProperties) = preSolution
		HideSolutionNode = FALSE
	EndGlobalSection
	GlobalSection(ExtensibilityGlobals) = postSolution
		SolutionGuid = {07281239-1D67-4A41-BD04-09D21DB29B8F}
	EndGlobalSection
EndGlobal
